
Microsoft Visual Studio Solution File, Format Version 12.00
# Visual Studio Version 16
VisualStudioVersion = 16.0.30114.105
MinimumVisualStudioVersion = 10.0.40219.1
Project("{FAE04EC0-301F-11D3-BF4B-00C04F79EFBC}") = "Sender", "Sender\Sender.csproj", "{A8C85324-58BF-4B01-89E2-C8AA482F62F3}"
EndProject
Project("{FAE04EC0-301F-11D3-BF4B-00C04F79EFBC}") = "Consumer", "Consumer\Consumer.csproj", "{6B08D83F-ADE7-4319-AAA0-C05A07FC28A6}"
EndProject
Global
	GlobalSection(SolutionConfigurationPlatforms) = preSolution
		Debug|Any CPU = Debug|Any CPU
		Release|Any CPU = Release|Any CPU
	EndGlobalSection
	GlobalSection(SolutionProperties) = preSolution
		HideSolutionNode = FALSE
	EndGlobalSection
	GlobalSection(ProjectConfigurationPlatforms) = postSolution
		{A8C85324-58BF-4B01-89E2-C8AA482F62F3}.Debug|Any CPU.ActiveCfg = Debug|Any CPU
		{A8C85324-58BF-4B01-89E2-C8AA482F62F3}.Debug|Any CPU.Build.0 = Debug|Any CPU
		{A8C85324-58BF-4B01-89E2-C8AA482F62F3}.Release|Any CPU.ActiveCfg = Release|Any CPU
		{A8C85324-58BF-4B01-89E2-C8AA482F62F3}.Release|Any CPU.Build.0 = Release|Any CPU
		{6B08D83F-ADE7-4319-AAA0-C05A07FC28A6}.Debug|Any CPU.ActiveCfg = Debug|Any CPU
		{6B08D83F-ADE7-4319-AAA0-C05A07FC28A6}.Debug|Any CPU.Build.0 = Debug|Any CPU
		{6B08D83F-ADE7-4319-AAA0-C05A07FC28A6}.Release|Any CPU.ActiveCfg = Release|Any CPU
		{6B08D83F-ADE7-4319-AAA0-C05A07FC28A6}.Release|Any CPU.Build.0 = Release|Any CPU
	EndGlobalSection
EndGlobal
